
Microsoft Visual Studio Solution File, Format Version 12.00
# Visual Studio Version 17
VisualStudioVersion = 17.14.36414.22 d17.14
MinimumVisualStudioVersion = 10.0.40219.1
Project("{888888A0-9F3D-457C-B088-3A5042F75D52}") = "task7", "task7\task7.pyproj", "{D1C14F50-65E2-4D5C-9026-2BEF5A1A986B}"
EndProject
Global
	GlobalSection(SolutionConfigurationPlatforms) = preSolution
		Debug|Any CPU = Debug|Any CPU
		Release|Any CPU = Release|Any CPU
	EndGlobalSection
	GlobalSection(ProjectConfigurationPlatforms) = postSolution
		{D1C14F50-65E2-4D5C-9026-2BEF5A1A986B}.Debug|Any CPU.ActiveCfg = Debug|Any CPU
		{D1C14F50-65E2-4D5C-9026-2BEF5A1A986B}.Release|Any CPU.ActiveCfg = Release|Any CPU
	EndGlobalSection
	GlobalSection(SolutionProperties) = preSolution
		HideSolutionNode = FALSE
	EndGlobalSection
	GlobalSection(ExtensibilityGlobals) = postSolution
		SolutionGuid = {A6105474-7102-417D-80AE-AF9C8B6E0A89}
	EndGlobalSection
EndGlobal
